// !$*UTF8*$!
{
	archiveVersion = 1;
	classes = {
	};
	objectVersion = 46;
	objects = {

/* Begin PBXBuildFile section */
		280D41009A4AA2F027F700F6 /* ExampleApp.swift in Sources */ = {isa = PBXBuildFile; fileRef = 8B749797C6FE93FAEF380B8E /* ExampleApp.swift */; };
		564360969A7922B511992B0B /* CBPinEntryView in Frameworks */ = {isa = PBXBuildFile; productRef = 800D0E16AA1E8D144C4C7EE3 /* CBPinEntryView */; };
		7B61EE3CAEE935B4C4A266EF /* Assets.xcassets in Resources */ = {isa = PBXBuildFile; fileRef = 9721B7DAA618B1D77C3108A9 /* Assets.xcassets */; };
		AE0933B61A77A1FFC73CF35D /* ContentView.swift in Sources */ = {isa = PBXBuildFile; fileRef = 04BC35412AB1481442DB5704 /* ContentView.swift */; };
		B127D86E2A7E860A6273A571 /* UnderlinedPinCell.swift in Sources */ = {isa = PBXBuildFile; fileRef = ED93EDE3C5E12792E2AF91DE /* UnderlinedPinCell.swift */; };
		B8921C89E996A962367FAEDF /* HostingControllerInteropScreen.swift in Sources */ = {isa = PBXBuildFile; fileRef = 301C5CE3F9E4571DFA52B89F /* HostingControllerInteropScreen.swift */; };
		CEF6ED542EAE9D42A054F589 /* ObservablePinScreen.swift in Sources */ = {isa = PBXBuildFile; fileRef = 8445F522E46FAD2533CCDB38 /* ObservablePinScreen.swift */; };
		E55B123DE49F19DD3A312A2A /* Foundation.framework in Frameworks */ = {isa = PBXBuildFile; fileRef = D07E4B649392B60C052CF29D /* Foundation.framework */; };
/* End PBXBuildFile section */

/* Begin PBXFileReference section */
		04BC35412AB1481442DB5704 /* ContentView.swift */ = {isa = PBXFileReference; includeInIndex = 1; lastKnownFileType = sourcecode.swift; path = ContentView.swift; sourceTree = "<group>"; };
		301C5CE3F9E4571DFA52B89F /* HostingControllerInteropScreen.swift */ = {isa = PBXFileReference; includeInIndex = 1; lastKnownFileType = sourcecode.swift; path = HostingControllerInteropScreen.swift; sourceTree = "<group>"; };
		8445F522E46FAD2533CCDB38 /* ObservablePinScreen.swift */ = {isa = PBXFileReference; includeInIndex = 1; lastKnownFileType = sourcecode.swift; path = ObservablePinScreen.swift; sourceTree = "<group>"; };
		8B749797C6FE93FAEF380B8E /* ExampleApp.swift */ = {isa = PBXFileReference; includeInIndex = 1; lastKnownFileType = sourcecode.swift; path = ExampleApp.swift; sourceTree = "<group>"; };
		9721B7DAA618B1D77C3108A9 /* Assets.xcassets */ = {isa = PBXFileReference; includeInIndex = 1; lastKnownFileType = folder.assetcatalog; path = Assets.xcassets; sourceTree = "<group>"; };
		D07E4B649392B60C052CF29D /* Foundation.framework */ = {isa = PBXFileReference; lastKnownFileType = wrapper.framework; name = Foundation.framework; path = Platforms/iPhoneOS.platform/Developer/SDKs/iPhoneOS26.0.sdk/System/Library/Frameworks/Foundation.framework; sourceTree = DEVELOPER_DIR; };
		D5A6971DF8EF2C6C58B11B48 /* Example.app */ = {isa = PBXFileReference; explicitFileType = wrapper.application; includeInIndex = 0; path = Example.app; sourceTree = BUILT_PRODUCTS_DIR; };
		ED93EDE3C5E12792E2AF91DE /* UnderlinedPinCell.swift */ = {isa = PBXFileReference; includeInIndex = 1; lastKnownFileType = sourcecode.swift; path = UnderlinedPinCell.swift; sourceTree = "<group>"; };
/* End PBXFileReference section */

/* Begin PBXFrameworksBuildPhase section */
		204ACF33FA809AD4C187860E /* Frameworks */ = {
			isa = PBXFrameworksBuildPhase;
			buildActionMask = 2147483647;
			files = (
				E55B123DE49F19DD3A312A2A /* Foundation.framework in Frameworks */,
				564360969A7922B511992B0B /* CBPinEntryView in Frameworks */,
			);
			runOnlyForDeploymentPostprocessing = 0;
		};
/* End PBXFrameworksBuildPhase section */

/* Begin PBXGroup section */
		52AFD1A227876918093C9787 /* Products */ = {
			isa = PBXGroup;
			children = (
				D5A6971DF8EF2C6C58B11B48 /* Example.app */,
			);
			name = Products;
			sourceTree = "<group>";
		};
		5C23AD9611E482C0F2122BA8 /* iOS */ = {
			isa = PBXGroup;
			children = (
				D07E4B649392B60C052CF29D /* Foundation.framework */,
			);
			name = iOS;
			sourceTree = "<group>";
		};
		9ED9018E43496FD9F883E29C /* Example */ = {
			isa = PBXGroup;
			children = (
				8B749797C6FE93FAEF380B8E /* ExampleApp.swift */,
				04BC35412AB1481442DB5704 /* ContentView.swift */,
				9721B7DAA618B1D77C3108A9 /* Assets.xcassets */,
				8445F522E46FAD2533CCDB38 /* ObservablePinScreen.swift */,
				301C5CE3F9E4571DFA52B89F /* HostingControllerInteropScreen.swift */,
				ED93EDE3C5E12792E2AF91DE /* UnderlinedPinCell.swift */,
			);
			name = Example;
			path = Example;
			sourceTree = "<group>";
		};
		C181ED98E4F867AD7F82C3C2 /* Frameworks */ = {
			isa = PBXGroup;
			children = (
				5C23AD9611E482C0F2122BA8 /* iOS */,
			);
			name = Frameworks;
			sourceTree = "<group>";
		};
		F19674EB56257AFDA12E790B = {
			isa = PBXGroup;
			children = (
				52AFD1A227876918093C9787 /* Products */,
				C181ED98E4F867AD7F82C3C2 /* Frameworks */,
				9ED9018E43496FD9F883E29C /* Example */,
			);
			sourceTree = "<group>";
		};
/* End PBXGroup section */

/* Begin PBXNativeTarget section */
		123124945568515DB1EE2A13 /* Example */ = {
			isa = PBXNativeTarget;
			buildConfigurationList = 45088FD043EF5B7A785EFF5A /* Build configuration list for PBXNativeTarget "Example" */;
			buildPhases = (
				D0A06553067009303C1E5680 /* Sources */,
				204ACF33FA809AD4C187860E /* Frameworks */,
				BF2C9B166418A3EF8DD4D7F3 /* Resources */,
			);
			buildRules = (
			);
			dependencies = (
			);
			name = Example;
			packageProductDependencies = (
				800D0E16AA1E8D144C4C7EE3 /* CBPinEntryView */,
			);
			productName = Example;
			productReference = D5A6971DF8EF2C6C58B11B48 /* Example.app */;
			productType = "com.apple.product-type.application";
		};
/* End PBXNativeTarget section */

/* Begin PBXProject section */
		9D0072A856FEA12AC8849900 /* Project object */ = {
			isa = PBXProject;
			attributes = {
				LastSwiftUpdateCheck = 1600;
				LastUpgradeCheck = 1600;
			};
			buildConfigurationList = BBC6BFEB9DAA67D66D09CD95 /* Build configuration list for PBXProject "Example" */;
			compatibilityVersion = "Xcode 3.2";
			developmentRegion = en;
			hasScannedForEncodings = 0;
			knownRegions = (
				en,
				Base,
			);
			mainGroup = F19674EB56257AFDA12E790B;
			minimizedProjectReferenceProxies = 0;
			packageReferences = (
				0F7CABD422E7EAA7A77ECDF8 /* XCLocalSwiftPackageReference ".." */,
			);
			preferredProjectObjectVersion = 100;
			productRefGroup = 52AFD1A227876918093C9787 /* Products */;
			projectDirPath = "";
			projectRoot = "";
			targets = (
				123124945568515DB1EE2A13 /* Example */,
			);
		};
/* End PBXProject section */

/* Begin PBXResourcesBuildPhase section */
		BF2C9B166418A3EF8DD4D7F3 /* Resources */ = {
			isa = PBXResourcesBuildPhase;
			buildActionMask = 2147483647;
			files = (
				7B61EE3CAEE935B4C4A266EF /* Assets.xcassets in Resources */,
			);
			runOnlyForDeploymentPostprocessing = 0;
		};
/* End PBXResourcesBuildPhase section */

/* Begin PBXSourcesBuildPhase section */
		D0A06553067009303C1E5680 /* Sources */ = {
			isa = PBXSourcesBuildPhase;
			buildActionMask = 2147483647;
			files = (
				280D41009A4AA2F027F700F6 /* ExampleApp.swift in Sources */,
				AE0933B61A77A1FFC73CF35D /* ContentView.swift in Sources */,
				CEF6ED542EAE9D42A054F589 /* ObservablePinScreen.swift in Sources */,
				B8921C89E996A962367FAEDF /* HostingControllerInteropScreen.swift in Sources */,
				B127D86E2A7E860A6273A571 /* UnderlinedPinCell.swift in Sources */,
			);
			runOnlyForDeploymentPostprocessing = 0;
		};
/* End PBXSourcesBuildPhase section */

/* Begin XCBuildConfiguration section */
		0BF893912D5E7AF112BBF768 /* Release */ = {
			isa = XCBuildConfiguration;
			buildSettings = {
				ASSETCATALOG_COMPILER_APPICON_NAME = AppIcon;
				ASSETCATALOG_COMPILER_GLOBAL_ACCENT_COLOR_NAME = AccentColor;
				CLANG_ENABLE_OBJC_WEAK = NO;
				CODE_SIGN_STYLE = Automatic;
				GENERATE_INFOPLIST_FILE = YES;
				INFOPLIST_KEY_UIApplicationSceneManifest_Generation = YES;
				INFOPLIST_KEY_UILaunchScreen_Generation = YES;
				IPHONEOS_DEPLOYMENT_TARGET = 17.0;
				LD_RUNPATH_SEARCH_PATHS = "$(inherited) @executable_path/Frameworks";
				PRODUCT_BUNDLE_IDENTIFIER = com.chrisbyatt.CBPinEntryView.Example;
				SDKROOT = iphoneos;
				SWIFT_VERSION = 5.0;
				TARGETED_DEVICE_FAMILY = 1;
				VALIDATE_PRODUCT = YES;
			};
			name = Release;
		};
		3F6FD16F418415AC145CE307 /* Debug */ = {
			isa = XCBuildConfiguration;
			buildSettings = {
				ASSETCATALOG_COMPILER_APPICON_NAME = AppIcon;
				ASSETCATALOG_COMPILER_GLOBAL_ACCENT_COLOR_NAME = AccentColor;
				CLANG_ENABLE_OBJC_WEAK = NO;
				CODE_SIGN_STYLE = Automatic;
				GENERATE_INFOPLIST_FILE = YES;
				INFOPLIST_KEY_UIApplicationSceneManifest_Generation = YES;
				INFOPLIST_KEY_UILaunchScreen_Generation = YES;
				IPHONEOS_DEPLOYMENT_TARGET = 17.0;
				LD_RUNPATH_SEARCH_PATHS = "$(inherited) @executable_path/Frameworks";
				PRODUCT_BUNDLE_IDENTIFIER = com.chrisbyatt.CBPinEntryView.Example;
				SDKROOT = iphoneos;
				SWIFT_VERSION = 5.0;
				TARGETED_DEVICE_FAMILY = 1;
			};
			name = Debug;
		};
		CC7B741BA76D01931378E7BF /* Release */ = {
			isa = XCBuildConfiguration;
			buildSettings = {
				ALWAYS_SEARCH_USER_PATHS = NO;
				CLANG_ANALYZER_NONNULL = YES;
				CLANG_ANALYZER_NUMBER_OBJECT_CONVERSION = YES_AGGRESSIVE;
				CLANG_CXX_LANGUAGE_STANDARD = "gnu++14";
				CLANG_CXX_LIBRARY = "libc++";
				CLANG_ENABLE_MODULES = YES;
				CLANG_ENABLE_OBJC_ARC = YES;
				CLANG_ENABLE_OBJC_WEAK = YES;
				CLANG_WARN_BLOCK_CAPTURE_AUTORELEASING = YES;
				CLANG_WARN_BOOL_CONVERSION = YES;
				CLANG_WARN_COMMA = YES;
				CLANG_WARN_CONSTANT_CONVERSION = YES;
				CLANG_WARN_DEPRECATED_OBJC_IMPLEMENTATIONS = YES;
				CLANG_WARN_DIRECT_OBJC_ISA_USAGE = YES_ERROR;
				CLANG_WARN_DOCUMENTATION_COMMENTS = YES;
				CLANG_WARN_EMPTY_BODY = YES;
				CLANG_WARN_ENUM_CONVERSION = YES;
				CLANG_WARN_INFINITE_RECURSION = YES;
				CLANG_WARN_INT_CONVERSION = YES;
				CLANG_WARN_NON_LITERAL_NULL_CONVERSION = YES;
				CLANG_WARN_OBJC_IMPLICIT_RETAIN_SELF = YES;
				CLANG_WARN_OBJC_LITERAL_CONVERSION = YES;
				CLANG_WARN_OBJC_ROOT_CLASS = YES_ERROR;
				CLANG_WARN_QUOTED_INCLUDE_IN_FRAMEWORK_HEADER = YES;
				CLANG_WARN_RANGE_LOOP_ANALYSIS = YES;
				CLANG_WARN_STRICT_PROTOTYPES = YES;
				CLANG_WARN_SUSPICIOUS_MOVE = YES;
				CLANG_WARN_UNGUARDED_AVAILABILITY = YES_AGGRESSIVE;
				CLANG_WARN_UNREACHABLE_CODE = YES;
				CLANG_WARN__DUPLICATE_METHOD_MATCH = YES;
				COPY_PHASE_STRIP = NO;
				DEBUG_INFORMATION_FORMAT = "dwarf-with-dsym";
				ENABLE_NS_ASSERTIONS = NO;
				ENABLE_STRICT_OBJC_MSGSEND = YES;
				GCC_C_LANGUAGE_STANDARD = gnu11;
				GCC_NO_COMMON_BLOCKS = YES;
				GCC_WARN_64_TO_32_BIT_CONVERSION = YES;
				GCC_WARN_ABOUT_RETURN_TYPE = YES_ERROR;
				GCC_WARN_UNDECLARED_SELECTOR = YES;
				GCC_WARN_UNINITIALIZED_AUTOS = YES_AGGRESSIVE;
				GCC_WARN_UNUSED_FUNCTION = YES;
				GCC_WARN_UNUSED_VARIABLE = YES;
				MTL_ENABLE_DEBUG_INFO = NO;
				MTL_FAST_MATH = YES;
				PRODUCT_NAME = "$(TARGET_NAME)";
				SWIFT_COMPILATION_MODE = wholemodule;
				SWIFT_OPTIMIZATION_LEVEL = "-O";
				SWIFT_VERSION = 5.0;
			};
			name = Release;
		};
		D89E47104F28BC66BF135C0A /* Debug */ = {
			isa = XCBuildConfiguration;
			buildSettings = {
				ALWAYS_SEARCH_USER_PATHS = NO;
				CLANG_ANALYZER_NONNULL = YES;
				CLANG_ANALYZER_NUMBER_OBJECT_CONVERSION = YES_AGGRESSIVE;
				CLANG_CXX_LANGUAGE_STANDARD = "gnu++14";
				CLANG_CXX_LIBRARY = "libc++";
				CLANG_ENABLE_MODULES = YES;
				CLANG_ENABLE_OBJC_ARC = YES;
				CLANG_ENABLE_OBJC_WEAK = YES;
				CLANG_WARN_BLOCK_CAPTURE_AUTORELEASING = YES;
				CLANG_WARN_BOOL_CONVERSION = YES;
				CLANG_WARN_COMMA = YES;
				CLANG_WARN_CONSTANT_CONVERSION = YES;
				CLANG_WARN_DEPRECATED_OBJC_IMPLEMENTATIONS = YES;
				CLANG_WARN_DIRECT_OBJC_ISA_USAGE = YES_ERROR;
				CLANG_WARN_DOCUMENTATION_COMMENTS = YES;
				CLANG_WARN_EMPTY_BODY = YES;
				CLANG_WARN_ENUM_CONVERSION = YES;
				CLANG_WARN_INFINITE_RECURSION = YES;
				CLANG_WARN_INT_CONVERSION = YES;
				CLANG_WARN_NON_LITERAL_NULL_CONVERSION = YES;
				CLANG_WARN_OBJC_IMPLICIT_RETAIN_SELF = YES;
				CLANG_WARN_OBJC_LITERAL_CONVERSION = YES;
				CLANG_WARN_OBJC_ROOT_CLASS = YES_ERROR;
				CLANG_WARN_QUOTED_INCLUDE_IN_FRAMEWORK_HEADER = YES;
				CLANG_WARN_RANGE_LOOP_ANALYSIS = YES;
				CLANG_WARN_STRICT_PROTOTYPES = YES;
				CLANG_WARN_SUSPICIOUS_MOVE = YES;
				CLANG_WARN_UNGUARDED_AVAILABILITY = YES_AGGRESSIVE;
				CLANG_WARN_UNREACHABLE_CODE = YES;
				CLANG_WARN__DUPLICATE_METHOD_MATCH = YES;
				COPY_PHASE_STRIP = NO;
				DEBUG_INFORMATION_FORMAT = dwarf;
				ENABLE_STRICT_OBJC_MSGSEND = YES;
				ENABLE_TESTABILITY = YES;
				GCC_C_LANGUAGE_STANDARD = gnu11;
				GCC_DYNAMIC_NO_PIC = NO;
				GCC_NO_COMMON_BLOCKS = YES;
				GCC_OPTIMIZATION_LEVEL = 0;
				GCC_PREPROCESSOR_DEFINITIONS = (
					"DEBUG=1",
					"$(inherited)",
				);
				GCC_WARN_64_TO_32_BIT_CONVERSION = YES;
				GCC_WARN_ABOUT_RETURN_TYPE = YES_ERROR;
				GCC_WARN_UNDECLARED_SELECTOR = YES;
				GCC_WARN_UNINITIALIZED_AUTOS = YES_AGGRESSIVE;
				GCC_WARN_UNUSED_FUNCTION = YES;
				GCC_WARN_UNUSED_VARIABLE = YES;
				MTL_ENABLE_DEBUG_INFO = INCLUDE_SOURCE;
				MTL_FAST_MATH = YES;
				ONLY_ACTIVE_ARCH = YES;
				PRODUCT_NAME = "$(TARGET_NAME)";
				SWIFT_ACTIVE_COMPILATION_CONDITIONS = DEBUG;
				SWIFT_OPTIMIZATION_LEVEL = "-Onone";
				SWIFT_VERSION = 5.0;
			};
			name = Debug;
		};
/* End XCBuildConfiguration section */

/* Begin XCConfigurationList section */
		45088FD043EF5B7A785EFF5A /* Build configuration list for PBXNativeTarget "Example" */ = {
			isa = XCConfigurationList;
			buildConfigurations = (
				0BF893912D5E7AF112BBF768 /* Release */,
				3F6FD16F418415AC145CE307 /* Debug */,
			);
			defaultConfigurationIsVisible = 0;
			defaultConfigurationName = Release;
		};
		BBC6BFEB9DAA67D66D09CD95 /* Build configuration list for PBXProject "Example" */ = {
			isa = XCConfigurationList;
			buildConfigurations = (
				D89E47104F28BC66BF135C0A /* Debug */,
				CC7B741BA76D01931378E7BF /* Release */,
			);
			defaultConfigurationIsVisible = 0;
			defaultConfigurationName = Release;
		};
/* End XCConfigurationList section */

/* Begin XCLocalSwiftPackageReference section */
		0F7CABD422E7EAA7A77ECDF8 /* XCLocalSwiftPackageReference ".." */ = {
			isa = XCLocalSwiftPackageReference;
			relativePath = ..;
		};
/* End XCLocalSwiftPackageReference section */

/* Begin XCSwiftPackageProductDependency section */
		800D0E16AA1E8D144C4C7EE3 /* CBPinEntryView */ = {
			isa = XCSwiftPackageProductDependency;
			package = 0F7CABD422E7EAA7A77ECDF8 /* XCLocalSwiftPackageReference ".." */;
			productName = CBPinEntryView;
		};
/* End XCSwiftPackageProductDependency section */
	};
	rootObject = 9D0072A856FEA12AC8849900 /* Project object */;
}
